
Microsoft Visual Studio Solution File, Format Version 12.00
# Visual Studio Version 16
VisualStudioVersion = 16.0.30621.155
MinimumVisualStudioVersion = 10.0.40219.1
Project("{FAE04EC0-301F-11D3-BF4B-00C04F79EFBC}") = "EtudiantForm", "EtudiantForm\EtudiantForm.csproj", "{F05C8980-DA26-46F2-8960-676CB68BFC51}"
EndProject
Global
	GlobalSection(SolutionConfigurationPlatforms) = preSolution
		Debug|Any CPU = Debug|Any CPU
		Release|Any CPU = Release|Any CPU
	EndGlobalSection
	GlobalSection(ProjectConfigurationPlatforms) = postSolution
		{F05C8980-DA26-46F2-8960-676CB68BFC51}.Debug|Any CPU.ActiveCfg = Debug|Any CPU
		{F05C8980-DA26-46F2-8960-676CB68BFC51}.Debug|Any CPU.Build.0 = Debug|Any CPU
		{F05C8980-DA26-46F2-8960-676CB68BFC51}.Release|Any CPU.ActiveCfg = Release|Any CPU
		{F05C8980-DA26-46F2-8960-676CB68BFC51}.Release|Any CPU.Build.0 = Release|Any CPU
	EndGlobalSection
	GlobalSection(SolutionProperties) = preSolution
		HideSolutionNode = FALSE
	EndGlobalSection
	GlobalSection(ExtensibilityGlobals) = postSolution
		SolutionGuid = {F828D261-5E0E-4FFE-89D3-E5C9C69254D1}
	EndGlobalSection
EndGlobal
